// !$*UTF8*$!
{
	archiveVersion = 1;
	classes = {
	};
	objectVersion = 56;
	objects = {

/* Begin PBXBuildFile section */
		23C19986F34B04BE84193F9A /* Pods_Neobis_iOS_UIScreens.framework in Frameworks */ = {isa = PBXBuildFile; fileRef = 495C88B5F910B4F47988755B /* Pods_Neobis_iOS_UIScreens.framework */; };
		644AFA142AF9829600F31B45 /* AppDelegate.swift in Sources */ = {isa = PBXBuildFile; fileRef = 644AFA132AF9829600F31B45 /* AppDelegate.swift */; };
		644AFA162AF9829600F31B45 /* SceneDelegate.swift in Sources */ = {isa = PBXBuildFile; fileRef = 644AFA152AF9829600F31B45 /* SceneDelegate.swift */; };
		644AFA182AF9829600F31B45 /* LobbyViewController.swift in Sources */ = {isa = PBXBuildFile; fileRef = 644AFA172AF9829600F31B45 /* LobbyViewController.swift */; };
		644AFA1D2AF9829700F31B45 /* Assets.xcassets in Resources */ = {isa = PBXBuildFile; fileRef = 644AFA1C2AF9829700F31B45 /* Assets.xcassets */; };
		644AFA202AF9829700F31B45 /* LaunchScreen.storyboard in Resources */ = {isa = PBXBuildFile; fileRef = 644AFA1E2AF9829700F31B45 /* LaunchScreen.storyboard */; };
		644AFA2A2AFB41AE00F31B45 /* WeatherScreen.swift in Sources */ = {isa = PBXBuildFile; fileRef = 644AFA292AFB41AE00F31B45 /* WeatherScreen.swift */; };
		644AFA2C2AFB41BE00F31B45 /* FinanceScreen.swift in Sources */ = {isa = PBXBuildFile; fileRef = 644AFA2B2AFB41BE00F31B45 /* FinanceScreen.swift */; };
		644AFA2E2AFB41D100F31B45 /* CryptScreen.swift in Sources */ = {isa = PBXBuildFile; fileRef = 644AFA2D2AFB41D100F31B45 /* CryptScreen.swift */; };
		644AFA302AFB41E900F31B45 /* TravelScreen.swift in Sources */ = {isa = PBXBuildFile; fileRef = 644AFA2F2AFB41E900F31B45 /* TravelScreen.swift */; };
		644AFA322AFB41F800F31B45 /* SinglesScreen.swift in Sources */ = {isa = PBXBuildFile; fileRef = 644AFA312AFB41F800F31B45 /* SinglesScreen.swift */; };
		644AFA342AFCF05100F31B45 /* CryptTableViewCell.swift in Sources */ = {isa = PBXBuildFile; fileRef = 644AFA332AFCF05100F31B45 /* CryptTableViewCell.swift */; };
		644AFA362AFCF1E200F31B45 /* Crypt.swift in Sources */ = {isa = PBXBuildFile; fileRef = 644AFA352AFCF1E200F31B45 /* Crypt.swift */; };
/* End PBXBuildFile section */

/* Begin PBXFileReference section */
		495C88B5F910B4F47988755B /* Pods_Neobis_iOS_UIScreens.framework */ = {isa = PBXFileReference; explicitFileType = wrapper.framework; includeInIndex = 0; path = Pods_Neobis_iOS_UIScreens.framework; sourceTree = BUILT_PRODUCTS_DIR; };
		644AFA102AF9829600F31B45 /* Neobis_iOS_UIScreens.app */ = {isa = PBXFileReference; explicitFileType = wrapper.application; includeInIndex = 0; path = Neobis_iOS_UIScreens.app; sourceTree = BUILT_PRODUCTS_DIR; };
		644AFA132AF9829600F31B45 /* AppDelegate.swift */ = {isa = PBXFileReference; lastKnownFileType = sourcecode.swift; path = AppDelegate.swift; sourceTree = "<group>"; };
		644AFA152AF9829600F31B45 /* SceneDelegate.swift */ = {isa = PBXFileReference; lastKnownFileType = sourcecode.swift; path = SceneDelegate.swift; sourceTree = "<group>"; };
		644AFA172AF9829600F31B45 /* LobbyViewController.swift */ = {isa = PBXFileReference; lastKnownFileType = sourcecode.swift; path = LobbyViewController.swift; sourceTree = "<group>"; };
		644AFA1C2AF9829700F31B45 /* Assets.xcassets */ = {isa = PBXFileReference; lastKnownFileType = folder.assetcatalog; path = Assets.xcassets; sourceTree = "<group>"; };
		644AFA1F2AF9829700F31B45 /* Base */ = {isa = PBXFileReference; lastKnownFileType = file.storyboard; name = Base; path = Base.lproj/LaunchScreen.storyboard; sourceTree = "<group>"; };
		644AFA212AF9829700F31B45 /* Info.plist */ = {isa = PBXFileReference; lastKnownFileType = text.plist.xml; path = Info.plist; sourceTree = "<group>"; };
		644AFA292AFB41AE00F31B45 /* WeatherScreen.swift */ = {isa = PBXFileReference; lastKnownFileType = sourcecode.swift; path = WeatherScreen.swift; sourceTree = "<group>"; };
		644AFA2B2AFB41BE00F31B45 /* FinanceScreen.swift */ = {isa = PBXFileReference; lastKnownFileType = sourcecode.swift; path = FinanceScreen.swift; sourceTree = "<group>"; };
		644AFA2D2AFB41D100F31B45 /* CryptScreen.swift */ = {isa = PBXFileReference; lastKnownFileType = sourcecode.swift; path = CryptScreen.swift; sourceTree = "<group>"; };
		644AFA2F2AFB41E900F31B45 /* TravelScreen.swift */ = {isa = PBXFileReference; lastKnownFileType = sourcecode.swift; path = TravelScreen.swift; sourceTree = "<group>"; };
		644AFA312AFB41F800F31B45 /* SinglesScreen.swift */ = {isa = PBXFileReference; lastKnownFileType = sourcecode.swift; path = SinglesScreen.swift; sourceTree = "<group>"; };
		644AFA332AFCF05100F31B45 /* CryptTableViewCell.swift */ = {isa = PBXFileReference; lastKnownFileType = sourcecode.swift; path = CryptTableViewCell.swift; sourceTree = "<group>"; };
		644AFA352AFCF1E200F31B45 /* Crypt.swift */ = {isa = PBXFileReference; lastKnownFileType = sourcecode.swift; path = Crypt.swift; sourceTree = "<group>"; };
		98D1E3D34F497C99E43F231F /* Pods-Neobis_iOS_UIScreens.debug.xcconfig */ = {isa = PBXFileReference; includeInIndex = 1; lastKnownFileType = text.xcconfig; name = "Pods-Neobis_iOS_UIScreens.debug.xcconfig"; path = "Target Support Files/Pods-Neobis_iOS_UIScreens/Pods-Neobis_iOS_UIScreens.debug.xcconfig"; sourceTree = "<group>"; };
		B25D99F9C142111BFB94B36E /* Pods-Neobis_iOS_UIScreens.release.xcconfig */ = {isa = PBXFileReference; includeInIndex = 1; lastKnownFileType = text.xcconfig; name = "Pods-Neobis_iOS_UIScreens.release.xcconfig"; path = "Target Support Files/Pods-Neobis_iOS_UIScreens/Pods-Neobis_iOS_UIScreens.release.xcconfig"; sourceTree = "<group>"; };
/* End PBXFileReference section */

/* Begin PBXFrameworksBuildPhase section */
		644AFA0D2AF9829600F31B45 /* Frameworks */ = {
			isa = PBXFrameworksBuildPhase;
			buildActionMask = 2147483647;
			files = (
				23C19986F34B04BE84193F9A /* Pods_Neobis_iOS_UIScreens.framework in Frameworks */,
			);
			runOnlyForDeploymentPostprocessing = 0;
		};
/* End PBXFrameworksBuildPhase section */

/* Begin PBXGroup section */
		138712ACCDAA0919A508B579 /* Pods */ = {
			isa = PBXGroup;
			children = (
				98D1E3D34F497C99E43F231F /* Pods-Neobis_iOS_UIScreens.debug.xcconfig */,
				B25D99F9C142111BFB94B36E /* Pods-Neobis_iOS_UIScreens.release.xcconfig */,
			);
			path = Pods;
			sourceTree = "<group>";
		};
		21998361E161E9352549A4EF /* Frameworks */ = {
			isa = PBXGroup;
			children = (
				495C88B5F910B4F47988755B /* Pods_Neobis_iOS_UIScreens.framework */,
			);
			name = Frameworks;
			sourceTree = "<group>";
		};
		644AFA072AF9829600F31B45 = {
			isa = PBXGroup;
			children = (
				644AFA122AF9829600F31B45 /* Neobis_iOS_UIScreens */,
				644AFA112AF9829600F31B45 /* Products */,
				138712ACCDAA0919A508B579 /* Pods */,
				21998361E161E9352549A4EF /* Frameworks */,
			);
			sourceTree = "<group>";
		};
		644AFA112AF9829600F31B45 /* Products */ = {
			isa = PBXGroup;
			children = (
				644AFA102AF9829600F31B45 /* Neobis_iOS_UIScreens.app */,
			);
			name = Products;
			sourceTree = "<group>";
		};
		644AFA122AF9829600F31B45 /* Neobis_iOS_UIScreens */ = {
			isa = PBXGroup;
			children = (
				644AFA132AF9829600F31B45 /* AppDelegate.swift */,
				644AFA152AF9829600F31B45 /* SceneDelegate.swift */,
				644AFA172AF9829600F31B45 /* LobbyViewController.swift */,
				644AFA292AFB41AE00F31B45 /* WeatherScreen.swift */,
				644AFA2D2AFB41D100F31B45 /* CryptScreen.swift */,
				644AFA332AFCF05100F31B45 /* CryptTableViewCell.swift */,
				644AFA352AFCF1E200F31B45 /* Crypt.swift */,
				644AFA2B2AFB41BE00F31B45 /* FinanceScreen.swift */,
				644AFA2F2AFB41E900F31B45 /* TravelScreen.swift */,
				644AFA312AFB41F800F31B45 /* SinglesScreen.swift */,
				644AFA1C2AF9829700F31B45 /* Assets.xcassets */,
				644AFA1E2AF9829700F31B45 /* LaunchScreen.storyboard */,
				644AFA212AF9829700F31B45 /* Info.plist */,
			);
			path = Neobis_iOS_UIScreens;
			sourceTree = "<group>";
		};
/* End PBXGroup section */

/* Begin PBXNativeTarget section */
		644AFA0F2AF9829600F31B45 /* Neobis_iOS_UIScreens */ = {
			isa = PBXNativeTarget;
			buildConfigurationList = 644AFA242AF9829700F31B45 /* Build configuration list for PBXNativeTarget "Neobis_iOS_UIScreens" */;
			buildPhases = (
				812E6C3A955D539EDFD397D3 /* [CP] Check Pods Manifest.lock */,
				644AFA0C2AF9829600F31B45 /* Sources */,
				644AFA0D2AF9829600F31B45 /* Frameworks */,
				644AFA0E2AF9829600F31B45 /* Resources */,
				303D3813DF9BF68D3C1A49A1 /* [CP] Embed Pods Frameworks */,
			);
			buildRules = (
			);
			dependencies = (
			);
			name = Neobis_iOS_UIScreens;
			productName = Neobis_iOS_UIScreens;
			productReference = 644AFA102AF9829600F31B45 /* Neobis_iOS_UIScreens.app */;
			productType = "com.apple.product-type.application";
		};
/* End PBXNativeTarget section */

/* Begin PBXProject section */
		644AFA082AF9829600F31B45 /* Project object */ = {
			isa = PBXProject;
			attributes = {
				BuildIndependentTargetsInParallel = 1;
				LastSwiftUpdateCheck = 1420;
				LastUpgradeCheck = 1420;
				TargetAttributes = {
					644AFA0F2AF9829600F31B45 = {
						CreatedOnToolsVersion = 14.2;
					};
				};
			};
			buildConfigurationList = 644AFA0B2AF9829600F31B45 /* Build configuration list for PBXProject "Neobis_iOS_UIScreens" */;
			compatibilityVersion = "Xcode 14.0";
			developmentRegion = en;
			hasScannedForEncodings = 0;
			knownRegions = (
				en,
				Base,
			);
			mainGroup = 644AFA072AF9829600F31B45;
			productRefGroup = 644AFA112AF9829600F31B45 /* Products */;
			projectDirPath = "";
			projectRoot = "";
			targets = (
				644AFA0F2AF9829600F31B45 /* Neobis_iOS_UIScreens */,
			);
		};
/* End PBXProject section */

/* Begin PBXResourcesBuildPhase section */
		644AFA0E2AF9829600F31B45 /* Resources */ = {
			isa = PBXResourcesBuildPhase;
			buildActionMask = 2147483647;
			files = (
				644AFA202AF9829700F31B45 /* LaunchScreen.storyboard in Resources */,
				644AFA1D2AF9829700F31B45 /* Assets.xcassets in Resources */,
			);
			runOnlyForDeploymentPostprocessing = 0;
		};
/* End PBXResourcesBuildPhase section */

/* Begin PBXShellScriptBuildPhase section */
		303D3813DF9BF68D3C1A49A1 /* [CP] Embed Pods Frameworks */ = {
			isa = PBXShellScriptBuildPhase;
			buildActionMask = 2147483647;
			files = (
			);
			inputFileListPaths = (
				"${PODS_ROOT}/Target Support Files/Pods-Neobis_iOS_UIScreens/Pods-Neobis_iOS_UIScreens-frameworks-${CONFIGURATION}-input-files.xcfilelist",
			);
			name = "[CP] Embed Pods Frameworks";
			outputFileListPaths = (
				"${PODS_ROOT}/Target Support Files/Pods-Neobis_iOS_UIScreens/Pods-Neobis_iOS_UIScreens-frameworks-${CONFIGURATION}-output-files.xcfilelist",
			);
			runOnlyForDeploymentPostprocessing = 0;
			shellPath = /bin/sh;
			shellScript = "\"${PODS_ROOT}/Target Support Files/Pods-Neobis_iOS_UIScreens/Pods-Neobis_iOS_UIScreens-frameworks.sh\"\n";
			showEnvVarsInLog = 0;
		};
		812E6C3A955D539EDFD397D3 /* [CP] Check Pods Manifest.lock */ = {
			isa = PBXShellScriptBuildPhase;
			buildActionMask = 2147483647;
			files = (
			);
			inputFileListPaths = (
			);
			inputPaths = (
				"${PODS_PODFILE_DIR_PATH}/Podfile.lock",
				"${PODS_ROOT}/Manifest.lock",
			);
			name = "[CP] Check Pods Manifest.lock";
			outputFileListPaths = (
			);
			outputPaths = (
				"$(DERIVED_FILE_DIR)/Pods-Neobis_iOS_UIScreens-checkManifestLockResult.txt",
			);
			runOnlyForDeploymentPostprocessing = 0;
			shellPath = /bin/sh;
			shellScript = "diff \"${PODS_PODFILE_DIR_PATH}/Podfile.lock\" \"${PODS_ROOT}/Manifest.lock\" > /dev/null\nif [ $? != 0 ] ; then\n    # print error to STDERR\n    echo \"error: The sandbox is not in sync with the Podfile.lock. Run 'pod install' or update your CocoaPods installation.\" >&2\n    exit 1\nfi\n# This output is used by Xcode 'outputs' to avoid re-running this script phase.\necho \"SUCCESS\" > \"${SCRIPT_OUTPUT_FILE_0}\"\n";
			showEnvVarsInLog = 0;
		};
/* End PBXShellScriptBuildPhase section */

/* Begin PBXSourcesBuildPhase section */
		644AFA0C2AF9829600F31B45 /* Sources */ = {
			isa = PBXSourcesBuildPhase;
			buildActionMask = 2147483647;
			files = (
				644AFA182AF9829600F31B45 /* LobbyViewController.swift in Sources */,
				644AFA2C2AFB41BE00F31B45 /* FinanceScreen.swift in Sources */,
				644AFA142AF9829600F31B45 /* AppDelegate.swift in Sources */,
				644AFA322AFB41F800F31B45 /* SinglesScreen.swift in Sources */,
				644AFA302AFB41E900F31B45 /* TravelScreen.swift in Sources */,
				644AFA2A2AFB41AE00F31B45 /* WeatherScreen.swift in Sources */,
				644AFA362AFCF1E200F31B45 /* Crypt.swift in Sources */,
				644AFA2E2AFB41D100F31B45 /* CryptScreen.swift in Sources */,
				644AFA162AF9829600F31B45 /* SceneDelegate.swift in Sources */,
				644AFA342AFCF05100F31B45 /* CryptTableViewCell.swift in Sources */,
			);
			runOnlyForDeploymentPostprocessing = 0;
		};
/* End PBXSourcesBuildPhase section */

/* Begin PBXVariantGroup section */
		644AFA1E2AF9829700F31B45 /* LaunchScreen.storyboard */ = {
			isa = PBXVariantGroup;
			children = (
				644AFA1F2AF9829700F31B45 /* Base */,
			);
			name = LaunchScreen.storyboard;
			sourceTree = "<group>";
		};
/* End PBXVariantGroup section */

/* Begin XCBuildConfiguration section */
		644AFA222AF9829700F31B45 /* Debug */ = {
			isa = XCBuildConfiguration;
			buildSettings = {
				ALWAYS_SEARCH_USER_PATHS = NO;
				CLANG_ANALYZER_NONNULL = YES;
				CLANG_ANALYZER_NUMBER_OBJECT_CONVERSION = YES_AGGRESSIVE;
				CLANG_CXX_LANGUAGE_STANDARD = "gnu++20";
				CLANG_ENABLE_MODULES = YES;
				CLANG_ENABLE_OBJC_ARC = YES;
				CLANG_ENABLE_OBJC_WEAK = YES;
				CLANG_WARN_BLOCK_CAPTURE_AUTORELEASING = YES;
				CLANG_WARN_BOOL_CONVERSION = YES;
				CLANG_WARN_COMMA = YES;
				CLANG_WARN_CONSTANT_CONVERSION = YES;
				CLANG_WARN_DEPRECATED_OBJC_IMPLEMENTATIONS = YES;
				CLANG_WARN_DIRECT_OBJC_ISA_USAGE = YES_ERROR;
				CLANG_WARN_DOCUMENTATION_COMMENTS = YES;
				CLANG_WARN_EMPTY_BODY = YES;
				CLANG_WARN_ENUM_CONVERSION = YES;
				CLANG_WARN_INFINITE_RECURSION = YES;
				CLANG_WARN_INT_CONVERSION = YES;
				CLANG_WARN_NON_LITERAL_NULL_CONVERSION = YES;
				CLANG_WARN_OBJC_IMPLICIT_RETAIN_SELF = YES;
				CLANG_WARN_OBJC_LITERAL_CONVERSION = YES;
				CLANG_WARN_OBJC_ROOT_CLASS = YES_ERROR;
				CLANG_WARN_QUOTED_INCLUDE_IN_FRAMEWORK_HEADER = YES;
				CLANG_WARN_RANGE_LOOP_ANALYSIS = YES;
				CLANG_WARN_STRICT_PROTOTYPES = YES;
				CLANG_WARN_SUSPICIOUS_MOVE = YES;
				CLANG_WARN_UNGUARDED_AVAILABILITY = YES_AGGRESSIVE;
				CLANG_WARN_UNREACHABLE_CODE = YES;
				CLANG_WARN__DUPLICATE_METHOD_MATCH = YES;
				COPY_PHASE_STRIP = NO;
				DEBUG_INFORMATION_FORMAT = dwarf;
				ENABLE_STRICT_OBJC_MSGSEND = YES;
				ENABLE_TESTABILITY = YES;
				GCC_C_LANGUAGE_STANDARD = gnu11;
				GCC_DYNAMIC_NO_PIC = NO;
				GCC_NO_COMMON_BLOCKS = YES;
				GCC_OPTIMIZATION_LEVEL = 0;
				GCC_PREPROCESSOR_DEFINITIONS = (
					"DEBUG=1",
					"$(inherited)",
				);
				GCC_WARN_64_TO_32_BIT_CONVERSION = YES;
				GCC_WARN_ABOUT_RETURN_TYPE = YES_ERROR;
				GCC_WARN_UNDECLARED_SELECTOR = YES;
				GCC_WARN_UNINITIALIZED_AUTOS = YES_AGGRESSIVE;
				GCC_WARN_UNUSED_FUNCTION = YES;
				GCC_WARN_UNUSED_VARIABLE = YES;
				IPHONEOS_DEPLOYMENT_TARGET = 16.2;
				MTL_ENABLE_DEBUG_INFO = INCLUDE_SOURCE;
				MTL_FAST_MATH = YES;
				ONLY_ACTIVE_ARCH = YES;
				SDKROOT = iphoneos;
				SWIFT_ACTIVE_COMPILATION_CONDITIONS = DEBUG;
				SWIFT_OPTIMIZATION_LEVEL = "-Onone";
			};
			name = Debug;
		};
		644AFA232AF9829700F31B45 /* Release */ = {
			isa = XCBuildConfiguration;
			buildSettings = {
				ALWAYS_SEARCH_USER_PATHS = NO;
				CLANG_ANALYZER_NONNULL = YES;
				CLANG_ANALYZER_NUMBER_OBJECT_CONVERSION = YES_AGGRESSIVE;
				CLANG_CXX_LANGUAGE_STANDARD = "gnu++20";
				CLANG_ENABLE_MODULES = YES;
				CLANG_ENABLE_OBJC_ARC = YES;
				CLANG_ENABLE_OBJC_WEAK = YES;
				CLANG_WARN_BLOCK_CAPTURE_AUTORELEASING = YES;
				CLANG_WARN_BOOL_CONVERSION = YES;
				CLANG_WARN_COMMA = YES;
				CLANG_WARN_CONSTANT_CONVERSION = YES;
				CLANG_WARN_DEPRECATED_OBJC_IMPLEMENTATIONS = YES;
				CLANG_WARN_DIRECT_OBJC_ISA_USAGE = YES_ERROR;
				CLANG_WARN_DOCUMENTATION_COMMENTS = YES;
				CLANG_WARN_EMPTY_BODY = YES;
				CLANG_WARN_ENUM_CONVERSION = YES;
				CLANG_WARN_INFINITE_RECURSION = YES;
				CLANG_WARN_INT_CONVERSION = YES;
				CLANG_WARN_NON_LITERAL_NULL_CONVERSION = YES;
				CLANG_WARN_OBJC_IMPLICIT_RETAIN_SELF = YES;
				CLANG_WARN_OBJC_LITERAL_CONVERSION = YES;
				CLANG_WARN_OBJC_ROOT_CLASS = YES_ERROR;
				CLANG_WARN_QUOTED_INCLUDE_IN_FRAMEWORK_HEADER = YES;
				CLANG_WARN_RANGE_LOOP_ANALYSIS = YES;
				CLANG_WARN_STRICT_PROTOTYPES = YES;
				CLANG_WARN_SUSPICIOUS_MOVE = YES;
				CLANG_WARN_UNGUARDED_AVAILABILITY = YES_AGGRESSIVE;
				CLANG_WARN_UNREACHABLE_CODE = YES;
				CLANG_WARN__DUPLICATE_METHOD_MATCH = YES;
				COPY_PHASE_STRIP = NO;
				DEBUG_INFORMATION_FORMAT = "dwarf-with-dsym";
				ENABLE_NS_ASSERTIONS = NO;
				ENABLE_STRICT_OBJC_MSGSEND = YES;
				GCC_C_LANGUAGE_STANDARD = gnu11;
				GCC_NO_COMMON_BLOCKS = YES;
				GCC_WARN_64_TO_32_BIT_CONVERSION = YES;
				GCC_WARN_ABOUT_RETURN_TYPE = YES_ERROR;
				GCC_WARN_UNDECLARED_SELECTOR = YES;
				GCC_WARN_UNINITIALIZED_AUTOS = YES_AGGRESSIVE;
				GCC_WARN_UNUSED_FUNCTION = YES;
				GCC_WARN_UNUSED_VARIABLE = YES;
				IPHONEOS_DEPLOYMENT_TARGET = 16.2;
				MTL_ENABLE_DEBUG_INFO = NO;
				MTL_FAST_MATH = YES;
				SDKROOT = iphoneos;
				SWIFT_COMPILATION_MODE = wholemodule;
				SWIFT_OPTIMIZATION_LEVEL = "-O";
				VALIDATE_PRODUCT = YES;
			};
			name = Release;
		};
		644AFA252AF9829700F31B45 /* Debug */ = {
			isa = XCBuildConfiguration;
			baseConfigurationReference = 98D1E3D34F497C99E43F231F /* Pods-Neobis_iOS_UIScreens.debug.xcconfig */;
			buildSettings = {
				ASSETCATALOG_COMPILER_APPICON_NAME = AppIcon;
				ASSETCATALOG_COMPILER_GLOBAL_ACCENT_COLOR_NAME = AccentColor;
				CODE_SIGN_STYLE = Automatic;
				CURRENT_PROJECT_VERSION = 1;
				DEVELOPMENT_TEAM = W2CT3M99U7;
				GENERATE_INFOPLIST_FILE = YES;
				INFOPLIST_FILE = Neobis_iOS_UIScreens/Info.plist;
				INFOPLIST_KEY_UIApplicationSupportsIndirectInputEvents = YES;
				INFOPLIST_KEY_UILaunchStoryboardName = LaunchScreen;
				INFOPLIST_KEY_UISupportedInterfaceOrientations_iPad = "UIInterfaceOrientationPortrait UIInterfaceOrientationPortraitUpsideDown UIInterfaceOrientationLandscapeLeft UIInterfaceOrientationLandscapeRight";
				INFOPLIST_KEY_UISupportedInterfaceOrientations_iPhone = "UIInterfaceOrientationPortrait UIInterfaceOrientationLandscapeLeft UIInterfaceOrientationLandscapeRight";
				LD_RUNPATH_SEARCH_PATHS = (
					"$(inherited)",
					"@executable_path/Frameworks",
				);
				MARKETING_VERSION = 1.0;
				PRODUCT_BUNDLE_IDENTIFIER = "Kr57.Neobis-iOS-UIScreens";
				PRODUCT_NAME = "$(TARGET_NAME)";
				SWIFT_EMIT_LOC_STRINGS = YES;
				SWIFT_VERSION = 5.0;
				TARGETED_DEVICE_FAMILY = "1,2";
			};
			name = Debug;
		};
		644AFA262AF9829700F31B45 /* Release */ = {
			isa = XCBuildConfiguration;
			baseConfigurationReference = B25D99F9C142111BFB94B36E /* Pods-Neobis_iOS_UIScreens.release.xcconfig */;
			buildSettings = {
				ASSETCATALOG_COMPILER_APPICON_NAME = AppIcon;
				ASSETCATALOG_COMPILER_GLOBAL_ACCENT_COLOR_NAME = AccentColor;
				CODE_SIGN_STYLE = Automatic;
				CURRENT_PROJECT_VERSION = 1;
				DEVELOPMENT_TEAM = W2CT3M99U7;
				GENERATE_INFOPLIST_FILE = YES;
				INFOPLIST_FILE = Neobis_iOS_UIScreens/Info.plist;
				INFOPLIST_KEY_UIApplicationSupportsIndirectInputEvents = YES;
				INFOPLIST_KEY_UILaunchStoryboardName = LaunchScreen;
				INFOPLIST_KEY_UISupportedInterfaceOrientations_iPad = "UIInterfaceOrientationPortrait UIInterfaceOrientationPortraitUpsideDown UIInterfaceOrientationLandscapeLeft UIInterfaceOrientationLandscapeRight";
				INFOPLIST_KEY_UISupportedInterfaceOrientations_iPhone = "UIInterfaceOrientationPortrait UIInterfaceOrientationLandscapeLeft UIInterfaceOrientationLandscapeRight";
				LD_RUNPATH_SEARCH_PATHS = (
					"$(inherited)",
					"@executable_path/Frameworks",
				);
				MARKETING_VERSION = 1.0;
				PRODUCT_BUNDLE_IDENTIFIER = "Kr57.Neobis-iOS-UIScreens";
				PRODUCT_NAME = "$(TARGET_NAME)";
				SWIFT_EMIT_LOC_STRINGS = YES;
				SWIFT_VERSION = 5.0;
				TARGETED_DEVICE_FAMILY = "1,2";
			};
			name = Release;
		};
/* End XCBuildConfiguration section */

/* Begin XCConfigurationList section */
		644AFA0B2AF9829600F31B45 /* Build configuration list for PBXProject "Neobis_iOS_UIScreens" */ = {
			isa = XCConfigurationList;
			buildConfigurations = (
				644AFA222AF9829700F31B45 /* Debug */,
				644AFA232AF9829700F31B45 /* Release */,
			);
			defaultConfigurationIsVisible = 0;
			defaultConfigurationName = Release;
		};
		644AFA242AF9829700F31B45 /* Build configuration list for PBXNativeTarget "Neobis_iOS_UIScreens" */ = {
			isa = XCConfigurationList;
			buildConfigurations = (
				644AFA252AF9829700F31B45 /* Debug */,
				644AFA262AF9829700F31B45 /* Release */,
			);
			defaultConfigurationIsVisible = 0;
			defaultConfigurationName = Release;
		};
/* End XCConfigurationList section */
	};
	rootObject = 644AFA082AF9829600F31B45 /* Project object */;
}
